
Microsoft Visual Studio Solution File, Format Version 12.00
# Visual Studio 15
VisualStudioVersion = 15.0.28307.1145
MinimumVisualStudioVersion = 10.0.40219.1
Project("{FAE04EC0-301F-11D3-BF4B-00C04F79EFBC}") = "LoginApp.Android", "LoginApp\LoginApp.Android\LoginApp.Android.csproj", "{9D796286-A559-4DBE-ADA9-E9FEAE3205CE}"
EndProject
Project("{FAE04EC0-301F-11D3-BF4B-00C04F79EFBC}") = "LoginApp", "LoginApp\LoginApp\LoginApp.csproj", "{E1E34A6D-0EC5-4C2F-9D69-16B089B77F8D}"
EndProject
Global
	GlobalSection(SolutionConfigurationPlatforms) = preSolution
		Debug|Any CPU = Debug|Any CPU
		Release|Any CPU = Release|Any CPU
	EndGlobalSection
	GlobalSection(ProjectConfigurationPlatforms) = postSolution
		{9D796286-A559-4DBE-ADA9-E9FEAE3205CE}.Debug|Any CPU.ActiveCfg = Debug|Any CPU
		{9D796286-A559-4DBE-ADA9-E9FEAE3205CE}.Debug|Any CPU.Build.0 = Debug|Any CPU
		{9D796286-A559-4DBE-ADA9-E9FEAE3205CE}.Debug|Any CPU.Deploy.0 = Debug|Any CPU
		{9D796286-A559-4DBE-ADA9-E9FEAE3205CE}.Release|Any CPU.ActiveCfg = Release|Any CPU
		{9D796286-A559-4DBE-ADA9-E9FEAE3205CE}.Release|Any CPU.Build.0 = Release|Any CPU
		{9D796286-A559-4DBE-ADA9-E9FEAE3205CE}.Release|Any CPU.Deploy.0 = Release|Any CPU
		{E1E34A6D-0EC5-4C2F-9D69-16B089B77F8D}.Debug|Any CPU.ActiveCfg = Debug|Any CPU
		{E1E34A6D-0EC5-4C2F-9D69-16B089B77F8D}.Debug|Any CPU.Build.0 = Debug|Any CPU
		{E1E34A6D-0EC5-4C2F-9D69-16B089B77F8D}.Release|Any CPU.ActiveCfg = Release|Any CPU
		{E1E34A6D-0EC5-4C2F-9D69-16B089B77F8D}.Release|Any CPU.Build.0 = Release|Any CPU
	EndGlobalSection
	GlobalSection(SolutionProperties) = preSolution
		HideSolutionNode = FALSE
	EndGlobalSection
	GlobalSection(ExtensibilityGlobals) = postSolution
		SolutionGuid = {3BC13A3A-4155-4824-8501-3844DFB2DFFF}
	EndGlobalSection
EndGlobal
